{
  "name": "product-006-xlsx",
  "lockfileVersion": 3,
  "requires": true,
  "packages": {
    "": {
      "name": "product-006-xlsx",
      "dependencies": {
        "@dpf/spreadsheet": "file:../../../spreadsheet"
      }
    },
    "../../../spreadsheet": {
      "name": "@dpf/spreadsheet",
      "version": "0.1.0",
      "dependencies": {
        "exceljs": "^4.4.0"
      },
      "engines": {
        "node": ">=22.6.0"
      }
    },
    "node_modules/@dpf/spreadsheet": {
      "resolved": "../../../spreadsheet",
      "link": true
    }
  }
}
